// !$*UTF8*$!
{
	archiveVersion = 1;
	classes = {
	};
	objectVersion = 56;
	objects = {

/* Begin PBXBuildFile section */
		18D048BC29C8D82C00858F7A /* AppDelegate.swift in Sources */ = {isa = PBXBuildFile; fileRef = 18D048BB29C8D82C00858F7A /* AppDelegate.swift */; };
		18D048BE29C8D82C00858F7A /* SceneDelegate.swift in Sources */ = {isa = PBXBuildFile; fileRef = 18D048BD29C8D82C00858F7A /* SceneDelegate.swift */; };
		18D048C329C8D82C00858F7A /* Main.storyboard in Resources */ = {isa = PBXBuildFile; fileRef = 18D048C129C8D82C00858F7A /* Main.storyboard */; };
		18D048C529C8D82E00858F7A /* Assets.xcassets in Resources */ = {isa = PBXBuildFile; fileRef = 18D048C429C8D82E00858F7A /* Assets.xcassets */; };
		18D048C829C8D82E00858F7A /* LaunchScreen.storyboard in Resources */ = {isa = PBXBuildFile; fileRef = 18D048C629C8D82E00858F7A /* LaunchScreen.storyboard */; };
		18D048D429C8D9C200858F7A /* ConversationViewController.swift in Sources */ = {isa = PBXBuildFile; fileRef = 18D048D329C8D9C200858F7A /* ConversationViewController.swift */; };
		18D048D629C8DA9700858F7A /* LoginViewController.swift in Sources */ = {isa = PBXBuildFile; fileRef = 18D048D529C8DA9700858F7A /* LoginViewController.swift */; };
		18D048D829C8DAB900858F7A /* RegisterViewController.swift in Sources */ = {isa = PBXBuildFile; fileRef = 18D048D729C8DAB900858F7A /* RegisterViewController.swift */; };
		18D048DA29C8DAEA00858F7A /* PhotoViewerViewController.swift in Sources */ = {isa = PBXBuildFile; fileRef = 18D048D929C8DAEA00858F7A /* PhotoViewerViewController.swift */; };
		18D048DC29C8DB0600858F7A /* VideoPlayerViewController.swift in Sources */ = {isa = PBXBuildFile; fileRef = 18D048DB29C8DB0600858F7A /* VideoPlayerViewController.swift */; };
		18D048DE29C8DB3E00858F7A /* NewConversationViewController.swift in Sources */ = {isa = PBXBuildFile; fileRef = 18D048DD29C8DB3E00858F7A /* NewConversationViewController.swift */; };
		18D048E029C8DB6200858F7A /* ProfileViewController.swift in Sources */ = {isa = PBXBuildFile; fileRef = 18D048DF29C8DB6200858F7A /* ProfileViewController.swift */; };
/* End PBXBuildFile section */

/* Begin PBXFileReference section */
		18D048B829C8D82C00858F7A /* Chat.app */ = {isa = PBXFileReference; explicitFileType = wrapper.application; includeInIndex = 0; path = Chat.app; sourceTree = BUILT_PRODUCTS_DIR; };
		18D048BB29C8D82C00858F7A /* AppDelegate.swift */ = {isa = PBXFileReference; lastKnownFileType = sourcecode.swift; path = AppDelegate.swift; sourceTree = "<group>"; };
		18D048BD29C8D82C00858F7A /* SceneDelegate.swift */ = {isa = PBXFileReference; lastKnownFileType = sourcecode.swift; path = SceneDelegate.swift; sourceTree = "<group>"; };
		18D048C229C8D82C00858F7A /* Base */ = {isa = PBXFileReference; lastKnownFileType = file.storyboard; name = Base; path = Base.lproj/Main.storyboard; sourceTree = "<group>"; };
		18D048C429C8D82E00858F7A /* Assets.xcassets */ = {isa = PBXFileReference; lastKnownFileType = folder.assetcatalog; path = Assets.xcassets; sourceTree = "<group>"; };
		18D048C729C8D82E00858F7A /* Base */ = {isa = PBXFileReference; lastKnownFileType = file.storyboard; name = Base; path = Base.lproj/LaunchScreen.storyboard; sourceTree = "<group>"; };
		18D048C929C8D82E00858F7A /* Info.plist */ = {isa = PBXFileReference; lastKnownFileType = text.plist.xml; path = Info.plist; sourceTree = "<group>"; };
		18D048D329C8D9C200858F7A /* ConversationViewController.swift */ = {isa = PBXFileReference; lastKnownFileType = sourcecode.swift; path = ConversationViewController.swift; sourceTree = "<group>"; };
		18D048D529C8DA9700858F7A /* LoginViewController.swift */ = {isa = PBXFileReference; lastKnownFileType = sourcecode.swift; path = LoginViewController.swift; sourceTree = "<group>"; };
		18D048D729C8DAB900858F7A /* RegisterViewController.swift */ = {isa = PBXFileReference; lastKnownFileType = sourcecode.swift; path = RegisterViewController.swift; sourceTree = "<group>"; };
		18D048D929C8DAEA00858F7A /* PhotoViewerViewController.swift */ = {isa = PBXFileReference; lastKnownFileType = sourcecode.swift; path = PhotoViewerViewController.swift; sourceTree = "<group>"; };
		18D048DB29C8DB0600858F7A /* VideoPlayerViewController.swift */ = {isa = PBXFileReference; lastKnownFileType = sourcecode.swift; path = VideoPlayerViewController.swift; sourceTree = "<group>"; };
		18D048DD29C8DB3E00858F7A /* NewConversationViewController.swift */ = {isa = PBXFileReference; lastKnownFileType = sourcecode.swift; path = NewConversationViewController.swift; sourceTree = "<group>"; };
		18D048DF29C8DB6200858F7A /* ProfileViewController.swift */ = {isa = PBXFileReference; lastKnownFileType = sourcecode.swift; path = ProfileViewController.swift; sourceTree = "<group>"; };
/* End PBXFileReference section */

/* Begin PBXFrameworksBuildPhase section */
		18D048B529C8D82C00858F7A /* Frameworks */ = {
			isa = PBXFrameworksBuildPhase;
			buildActionMask = 2147483647;
			files = (
			);
			runOnlyForDeploymentPostprocessing = 0;
		};
/* End PBXFrameworksBuildPhase section */

/* Begin PBXGroup section */
		18D048AF29C8D82C00858F7A = {
			isa = PBXGroup;
			children = (
				18D048BA29C8D82C00858F7A /* Chat */,
				18D048B929C8D82C00858F7A /* Products */,
			);
			sourceTree = "<group>";
		};
		18D048B929C8D82C00858F7A /* Products */ = {
			isa = PBXGroup;
			children = (
				18D048B829C8D82C00858F7A /* Chat.app */,
			);
			name = Products;
			sourceTree = "<group>";
		};
		18D048BA29C8D82C00858F7A /* Chat */ = {
			isa = PBXGroup;
			children = (
				18D048D129C8D91500858F7A /* Resources */,
				18D048D229C8D92200858F7A /* ViewControllers */,
				18D048D029C8D90900858F7A /* Models */,
				18D048CF29C8D90100858F7A /* View */,
				18D048C929C8D82E00858F7A /* Info.plist */,
			);
			path = Chat;
			sourceTree = "<group>";
		};
		18D048CF29C8D90100858F7A /* View */ = {
			isa = PBXGroup;
			children = (
				18D048C129C8D82C00858F7A /* Main.storyboard */,
				18D048C629C8D82E00858F7A /* LaunchScreen.storyboard */,
			);
			path = View;
			sourceTree = "<group>";
		};
		18D048D029C8D90900858F7A /* Models */ = {
			isa = PBXGroup;
			children = (
			);
			path = Models;
			sourceTree = "<group>";
		};
		18D048D129C8D91500858F7A /* Resources */ = {
			isa = PBXGroup;
			children = (
				18D048C429C8D82E00858F7A /* Assets.xcassets */,
				18D048BD29C8D82C00858F7A /* SceneDelegate.swift */,
				18D048BB29C8D82C00858F7A /* AppDelegate.swift */,
			);
			path = Resources;
			sourceTree = "<group>";
		};
		18D048D229C8D92200858F7A /* ViewControllers */ = {
			isa = PBXGroup;
			children = (
				18D048D329C8D9C200858F7A /* ConversationViewController.swift */,
				18D048D529C8DA9700858F7A /* LoginViewController.swift */,
				18D048D729C8DAB900858F7A /* RegisterViewController.swift */,
				18D048D929C8DAEA00858F7A /* PhotoViewerViewController.swift */,
				18D048DB29C8DB0600858F7A /* VideoPlayerViewController.swift */,
				18D048DD29C8DB3E00858F7A /* NewConversationViewController.swift */,
				18D048DF29C8DB6200858F7A /* ProfileViewController.swift */,
			);
			path = ViewControllers;
			sourceTree = "<group>";
		};
/* End PBXGroup section */

/* Begin PBXNativeTarget section */
		18D048B729C8D82C00858F7A /* Chat */ = {
			isa = PBXNativeTarget;
			buildConfigurationList = 18D048CC29C8D82E00858F7A /* Build configuration list for PBXNativeTarget "Chat" */;
			buildPhases = (
				18D048B429C8D82C00858F7A /* Sources */,
				18D048B529C8D82C00858F7A /* Frameworks */,
				18D048B629C8D82C00858F7A /* Resources */,
			);
			buildRules = (
			);
			dependencies = (
			);
			name = Chat;
			productName = Chat;
			productReference = 18D048B829C8D82C00858F7A /* Chat.app */;
			productType = "com.apple.product-type.application";
		};
/* End PBXNativeTarget section */

/* Begin PBXProject section */
		18D048B029C8D82C00858F7A /* Project object */ = {
			isa = PBXProject;
			attributes = {
				BuildIndependentTargetsInParallel = 1;
				LastSwiftUpdateCheck = 1420;
				LastUpgradeCheck = 1420;
				TargetAttributes = {
					18D048B729C8D82C00858F7A = {
						CreatedOnToolsVersion = 14.2;
					};
				};
			};
			buildConfigurationList = 18D048B329C8D82C00858F7A /* Build configuration list for PBXProject "Chat" */;
			compatibilityVersion = "Xcode 14.0";
			developmentRegion = en;
			hasScannedForEncodings = 0;
			knownRegions = (
				en,
				Base,
			);
			mainGroup = 18D048AF29C8D82C00858F7A;
			productRefGroup = 18D048B929C8D82C00858F7A /* Products */;
			projectDirPath = "";
			projectRoot = "";
			targets = (
				18D048B729C8D82C00858F7A /* Chat */,
			);
		};
/* End PBXProject section */

/* Begin PBXResourcesBuildPhase section */
		18D048B629C8D82C00858F7A /* Resources */ = {
			isa = PBXResourcesBuildPhase;
			buildActionMask = 2147483647;
			files = (
				18D048C829C8D82E00858F7A /* LaunchScreen.storyboard in Resources */,
				18D048C529C8D82E00858F7A /* Assets.xcassets in Resources */,
				18D048C329C8D82C00858F7A /* Main.storyboard in Resources */,
			);
			runOnlyForDeploymentPostprocessing = 0;
		};
/* End PBXResourcesBuildPhase section */

/* Begin PBXSourcesBuildPhase section */
		18D048B429C8D82C00858F7A /* Sources */ = {
			isa = PBXSourcesBuildPhase;
			buildActionMask = 2147483647;
			files = (
				18D048D629C8DA9700858F7A /* LoginViewController.swift in Sources */,
				18D048D829C8DAB900858F7A /* RegisterViewController.swift in Sources */,
				18D048DE29C8DB3E00858F7A /* NewConversationViewController.swift in Sources */,
				18D048BC29C8D82C00858F7A /* AppDelegate.swift in Sources */,
				18D048DC29C8DB0600858F7A /* VideoPlayerViewController.swift in Sources */,
				18D048D429C8D9C200858F7A /* ConversationViewController.swift in Sources */,
				18D048E029C8DB6200858F7A /* ProfileViewController.swift in Sources */,
				18D048BE29C8D82C00858F7A /* SceneDelegate.swift in Sources */,
				18D048DA29C8DAEA00858F7A /* PhotoViewerViewController.swift in Sources */,
			);
			runOnlyForDeploymentPostprocessing = 0;
		};
/* End PBXSourcesBuildPhase section */

/* Begin PBXVariantGroup section */
		18D048C129C8D82C00858F7A /* Main.storyboard */ = {
			isa = PBXVariantGroup;
			children = (
				18D048C229C8D82C00858F7A /* Base */,
			);
			name = Main.storyboard;
			sourceTree = "<group>";
		};
		18D048C629C8D82E00858F7A /* LaunchScreen.storyboard */ = {
			isa = PBXVariantGroup;
			children = (
				18D048C729C8D82E00858F7A /* Base */,
			);
			name = LaunchScreen.storyboard;
			sourceTree = "<group>";
		};
/* End PBXVariantGroup section */

/* Begin XCBuildConfiguration section */
		18D048CA29C8D82E00858F7A /* Debug */ = {
			isa = XCBuildConfiguration;
			buildSettings = {
				ALWAYS_SEARCH_USER_PATHS = NO;
				CLANG_ANALYZER_NONNULL = YES;
				CLANG_ANALYZER_NUMBER_OBJECT_CONVERSION = YES_AGGRESSIVE;
				CLANG_CXX_LANGUAGE_STANDARD = "gnu++20";
				CLANG_ENABLE_MODULES = YES;
				CLANG_ENABLE_OBJC_ARC = YES;
				CLANG_ENABLE_OBJC_WEAK = YES;
				CLANG_WARN_BLOCK_CAPTURE_AUTORELEASING = YES;
				CLANG_WARN_BOOL_CONVERSION = YES;
				CLANG_WARN_COMMA = YES;
				CLANG_WARN_CONSTANT_CONVERSION = YES;
				CLANG_WARN_DEPRECATED_OBJC_IMPLEMENTATIONS = YES;
				CLANG_WARN_DIRECT_OBJC_ISA_USAGE = YES_ERROR;
				CLANG_WARN_DOCUMENTATION_COMMENTS = YES;
				CLANG_WARN_EMPTY_BODY = YES;
				CLANG_WARN_ENUM_CONVERSION = YES;
				CLANG_WARN_INFINITE_RECURSION = YES;
				CLANG_WARN_INT_CONVERSION = YES;
				CLANG_WARN_NON_LITERAL_NULL_CONVERSION = YES;
				CLANG_WARN_OBJC_IMPLICIT_RETAIN_SELF = YES;
				CLANG_WARN_OBJC_LITERAL_CONVERSION = YES;
				CLANG_WARN_OBJC_ROOT_CLASS = YES_ERROR;
				CLANG_WARN_QUOTED_INCLUDE_IN_FRAMEWORK_HEADER = YES;
				CLANG_WARN_RANGE_LOOP_ANALYSIS = YES;
				CLANG_WARN_STRICT_PROTOTYPES = YES;
				CLANG_WARN_SUSPICIOUS_MOVE = YES;
				CLANG_WARN_UNGUARDED_AVAILABILITY = YES_AGGRESSIVE;
				CLANG_WARN_UNREACHABLE_CODE = YES;
				CLANG_WARN__DUPLICATE_METHOD_MATCH = YES;
				COPY_PHASE_STRIP = NO;
				DEBUG_INFORMATION_FORMAT = dwarf;
				ENABLE_STRICT_OBJC_MSGSEND = YES;
				ENABLE_TESTABILITY = YES;
				GCC_C_LANGUAGE_STANDARD = gnu11;
				GCC_DYNAMIC_NO_PIC = NO;
				GCC_NO_COMMON_BLOCKS = YES;
				GCC_OPTIMIZATION_LEVEL = 0;
				GCC_PREPROCESSOR_DEFINITIONS = (
					"DEBUG=1",
					"$(inherited)",
				);
				GCC_WARN_64_TO_32_BIT_CONVERSION = YES;
				GCC_WARN_ABOUT_RETURN_TYPE = YES_ERROR;
				GCC_WARN_UNDECLARED_SELECTOR = YES;
				GCC_WARN_UNINITIALIZED_AUTOS = YES_AGGRESSIVE;
				GCC_WARN_UNUSED_FUNCTION = YES;
				GCC_WARN_UNUSED_VARIABLE = YES;
				IPHONEOS_DEPLOYMENT_TARGET = 16.2;
				MTL_ENABLE_DEBUG_INFO = INCLUDE_SOURCE;
				MTL_FAST_MATH = YES;
				ONLY_ACTIVE_ARCH = YES;
				SDKROOT = iphoneos;
				SWIFT_ACTIVE_COMPILATION_CONDITIONS = DEBUG;
				SWIFT_OPTIMIZATION_LEVEL = "-Onone";
			};
			name = Debug;
		};
		18D048CB29C8D82E00858F7A /* Release */ = {
			isa = XCBuildConfiguration;
			buildSettings = {
				ALWAYS_SEARCH_USER_PATHS = NO;
				CLANG_ANALYZER_NONNULL = YES;
				CLANG_ANALYZER_NUMBER_OBJECT_CONVERSION = YES_AGGRESSIVE;
				CLANG_CXX_LANGUAGE_STANDARD = "gnu++20";
				CLANG_ENABLE_MODULES = YES;
				CLANG_ENABLE_OBJC_ARC = YES;
				CLANG_ENABLE_OBJC_WEAK = YES;
				CLANG_WARN_BLOCK_CAPTURE_AUTORELEASING = YES;
				CLANG_WARN_BOOL_CONVERSION = YES;
				CLANG_WARN_COMMA = YES;
				CLANG_WARN_CONSTANT_CONVERSION = YES;
				CLANG_WARN_DEPRECATED_OBJC_IMPLEMENTATIONS = YES;
				CLANG_WARN_DIRECT_OBJC_ISA_USAGE = YES_ERROR;
				CLANG_WARN_DOCUMENTATION_COMMENTS = YES;
				CLANG_WARN_EMPTY_BODY = YES;
				CLANG_WARN_ENUM_CONVERSION = YES;
				CLANG_WARN_INFINITE_RECURSION = YES;
				CLANG_WARN_INT_CONVERSION = YES;
				CLANG_WARN_NON_LITERAL_NULL_CONVERSION = YES;
				CLANG_WARN_OBJC_IMPLICIT_RETAIN_SELF = YES;
				CLANG_WARN_OBJC_LITERAL_CONVERSION = YES;
				CLANG_WARN_OBJC_ROOT_CLASS = YES_ERROR;
				CLANG_WARN_QUOTED_INCLUDE_IN_FRAMEWORK_HEADER = YES;
				CLANG_WARN_RANGE_LOOP_ANALYSIS = YES;
				CLANG_WARN_STRICT_PROTOTYPES = YES;
				CLANG_WARN_SUSPICIOUS_MOVE = YES;
				CLANG_WARN_UNGUARDED_AVAILABILITY = YES_AGGRESSIVE;
				CLANG_WARN_UNREACHABLE_CODE = YES;
				CLANG_WARN__DUPLICATE_METHOD_MATCH = YES;
				COPY_PHASE_STRIP = NO;
				DEBUG_INFORMATION_FORMAT = "dwarf-with-dsym";
				ENABLE_NS_ASSERTIONS = NO;
				ENABLE_STRICT_OBJC_MSGSEND = YES;
				GCC_C_LANGUAGE_STANDARD = gnu11;
				GCC_NO_COMMON_BLOCKS = YES;
				GCC_WARN_64_TO_32_BIT_CONVERSION = YES;
				GCC_WARN_ABOUT_RETURN_TYPE = YES_ERROR;
				GCC_WARN_UNDECLARED_SELECTOR = YES;
				GCC_WARN_UNINITIALIZED_AUTOS = YES_AGGRESSIVE;
				GCC_WARN_UNUSED_FUNCTION = YES;
				GCC_WARN_UNUSED_VARIABLE = YES;
				IPHONEOS_DEPLOYMENT_TARGET = 16.2;
				MTL_ENABLE_DEBUG_INFO = NO;
				MTL_FAST_MATH = YES;
				SDKROOT = iphoneos;
				SWIFT_COMPILATION_MODE = wholemodule;
				SWIFT_OPTIMIZATION_LEVEL = "-O";
				VALIDATE_PRODUCT = YES;
			};
			name = Release;
		};
		18D048CD29C8D82E00858F7A /* Debug */ = {
			isa = XCBuildConfiguration;
			buildSettings = {
				ASSETCATALOG_COMPILER_APPICON_NAME = AppIcon;
				ASSETCATALOG_COMPILER_GLOBAL_ACCENT_COLOR_NAME = AccentColor;
				CODE_SIGN_STYLE = Automatic;
				CURRENT_PROJECT_VERSION = 1;
				DEVELOPMENT_TEAM = MFZAMPHM55;
				GENERATE_INFOPLIST_FILE = YES;
				INFOPLIST_FILE = Chat/Info.plist;
				INFOPLIST_KEY_UIApplicationSupportsIndirectInputEvents = YES;
				INFOPLIST_KEY_UILaunchStoryboardName = LaunchScreen;
				INFOPLIST_KEY_UIMainStoryboardFile = Main;
				INFOPLIST_KEY_UISupportedInterfaceOrientations = UIInterfaceOrientationPortrait;
				INFOPLIST_KEY_UISupportedInterfaceOrientations_iPad = "UIInterfaceOrientationLandscapeLeft UIInterfaceOrientationLandscapeRight UIInterfaceOrientationPortrait UIInterfaceOrientationPortraitUpsideDown";
				LD_RUNPATH_SEARCH_PATHS = (
					"$(inherited)",
					"@executable_path/Frameworks",
				);
				MARKETING_VERSION = 1.0;
				PRODUCT_BUNDLE_IDENTIFIER = k.Chat;
				PRODUCT_NAME = "$(TARGET_NAME)";
				SWIFT_EMIT_LOC_STRINGS = YES;
				SWIFT_VERSION = 5.0;
				TARGETED_DEVICE_FAMILY = "1,2";
			};
			name = Debug;
		};
		18D048CE29C8D82E00858F7A /* Release */ = {
			isa = XCBuildConfiguration;
			buildSettings = {
				ASSETCATALOG_COMPILER_APPICON_NAME = AppIcon;
				ASSETCATALOG_COMPILER_GLOBAL_ACCENT_COLOR_NAME = AccentColor;
				CODE_SIGN_STYLE = Automatic;
				CURRENT_PROJECT_VERSION = 1;
				DEVELOPMENT_TEAM = MFZAMPHM55;
				GENERATE_INFOPLIST_FILE = YES;
				INFOPLIST_FILE = Chat/Info.plist;
				INFOPLIST_KEY_UIApplicationSupportsIndirectInputEvents = YES;
				INFOPLIST_KEY_UILaunchStoryboardName = LaunchScreen;
				INFOPLIST_KEY_UIMainStoryboardFile = Main;
				INFOPLIST_KEY_UISupportedInterfaceOrientations = UIInterfaceOrientationPortrait;
				INFOPLIST_KEY_UISupportedInterfaceOrientations_iPad = "UIInterfaceOrientationLandscapeLeft UIInterfaceOrientationLandscapeRight UIInterfaceOrientationPortrait UIInterfaceOrientationPortraitUpsideDown";
				LD_RUNPATH_SEARCH_PATHS = (
					"$(inherited)",
					"@executable_path/Frameworks",
				);
				MARKETING_VERSION = 1.0;
				PRODUCT_BUNDLE_IDENTIFIER = k.Chat;
				PRODUCT_NAME = "$(TARGET_NAME)";
				SWIFT_EMIT_LOC_STRINGS = YES;
				SWIFT_VERSION = 5.0;
				TARGETED_DEVICE_FAMILY = "1,2";
			};
			name = Release;
		};
/* End XCBuildConfiguration section */

/* Begin XCConfigurationList section */
		18D048B329C8D82C00858F7A /* Build configuration list for PBXProject "Chat" */ = {
			isa = XCConfigurationList;
			buildConfigurations = (
				18D048CA29C8D82E00858F7A /* Debug */,
				18D048CB29C8D82E00858F7A /* Release */,
			);
			defaultConfigurationIsVisible = 0;
			defaultConfigurationName = Release;
		};
		18D048CC29C8D82E00858F7A /* Build configuration list for PBXNativeTarget "Chat" */ = {
			isa = XCConfigurationList;
			buildConfigurations = (
				18D048CD29C8D82E00858F7A /* Debug */,
				18D048CE29C8D82E00858F7A /* Release */,
			);
			defaultConfigurationIsVisible = 0;
			defaultConfigurationName = Release;
		};
/* End XCConfigurationList section */
	};
	rootObject = 18D048B029C8D82C00858F7A /* Project object */;
}
